lockfileVersion: '9.0'

settings:
  autoInstallPeers: true
  excludeLinksFromLockfile: false

importers:

  .:
    dependencies:
      '@elastic/elasticsearch':
        specifier: ^8.13.1
        version: 8.19.1
      '@modelcontextprotocol/sdk':
        specifier: ^0.6.0
        version: 0.6.1
      js-yaml:
        specifier: ^4.1.0
        version: 4.1.1
      winston:
        specifier: ^3.13.0
        version: 3.19.0
      zod:
        specifier: ^3.23.8
        version: 3.25.76
    devDependencies:
      '@types/js-yaml':
        specifier: ^4.0.9
        version: 4.0.9
      '@types/node':
        specifier: ^20.12.7
        version: 20.19.40
      typescript:
        specifier: ^5.4.5
        version: 5.9.3

packages:

  '@colors/colors@1.6.0':
    resolution: {integrity: sha512-Ir+AOibqzrIsL6ajt3Rz3LskB7OiMVHqltZmspbW/TJuTVuyOMirVqAkjfY6JISiLHgyNqicAC8AyHHGzNd/dA==}
    engines: {node: '>=0.1.90'}

  '@dabh/diagnostics@2.0.8':
    resolution: {integrity: sha512-R4MSXTVnuMzGD7bzHdW2ZhhdPC/igELENcq5IjEverBvq5hn1SXCWcsi6eSsdWP0/Ur+SItRRjAktmdoX/8R/Q==}

  '@elastic/elasticsearch@8.19.1':
    resolution: {integrity: sha512-+1j9NnQVOX+lbWB8LhCM7IkUmjU05Y4+BmSLfusq0msCsQb1Va+OUKFCoOXjCJqQrcgdRdQCjYYyolQ/npQALQ==}
    engines: {node: '>=18'}

  '@elastic/transport@8.10.1':
    resolution: {integrity: sha512-xo2lPBAJEt81fQRAKa9T/gUq1SPGBHpSnVUXhoSpL996fPZRAfQwFA4BZtEUQL1p8Dezodd3ZN8Wwno+mYyKuw==}
    engines: {node: '>=18'}

  '@modelcontextprotocol/sdk@0.6.1':
    resolution: {integrity: sha512-OkVXMix3EIbB5Z6yife2XTrSlOnVvCLR1Kg91I4pYFEsV9RbnoyQVScXCuVhGaZHOnTZgso8lMQN1Po2TadGKQ==}

  '@opentelemetry/api@1.9.1':
    resolution: {integrity: sha512-gLyJlPHPZYdAk1JENA9LeHejZe1Ti77/pTeFm/nMXmQH/HFZlcS/O2XJB+L8fkbrNSqhdtlvjBVjxwUYanNH5Q==}
    engines: {node: '>=8.0.0'}

  '@opentelemetry/core@2.7.1':
    resolution: {integrity: sha512-QAqIj32AtK6+pEVNG7EOVxHdE06RP+FM5qpiEJ4RtDcFIqKUZHYhl7/7UY5efhwmwNAg7j8QbJVBLxMerc0+gw==}
    engines: {node: ^18.19.0 || >=20.6.0}
    peerDependencies:
      '@opentelemetry/api': '>=1.0.0 <1.10.0'

  '@opentelemetry/semantic-conventions@1.40.0':
    resolution: {integrity: sha512-cifvXDhcqMwwTlTK04GBNeIe7yyo28Mfby85QXFe1Yk8nmi36Ab/5UQwptOx84SsoGNRg+EVSjwzfSZMy6pmlw==}
    engines: {node: '>=14'}

  '@so-ric/colorspace@1.1.6':
    resolution: {integrity: sha512-/KiKkpHNOBgkFJwu9sh48LkHSMYGyuTcSFK/qMBdnOAlrRJzRSXAOFB5qwzaVQuDl8wAvHVMkaASQDReTahxuw==}

  '@swc/helpers@0.5.21':
    resolution: {integrity: sha512-jI/VAmtdjB/RnI8GTnokyX7Ug8c+g+ffD6QRLa6XQewtnGyukKkKSk3wLTM3b5cjt1jNh9x0jfVlagdN2gDKQg==}

  '@types/command-line-args@5.2.3':
    resolution: {integrity: sha512-uv0aG6R0Y8WHZLTamZwtfsDLVRnOa+n+n5rEvFWL5Na5gZ8V2Teab/duDPFzIIIhs9qizDpcavCusCLJZu62Kw==}

  '@types/command-line-usage@5.0.4':
    resolution: {integrity: sha512-BwR5KP3Es/CSht0xqBcUXS3qCAUVXwpRKsV2+arxeb65atasuXG9LykC9Ab10Cw3s2raH92ZqOeILaQbsB2ACg==}

  '@types/js-yaml@4.0.9':
    resolution: {integrity: sha512-k4MGaQl5TGo/iipqb2UDG2UwjXziSWkh0uysQelTlJpX1qGlpUZYm8PnO4DxG1qBomtJUdYJ6qR6xdIah10JLg==}

  '@types/node@20.19.40':
    resolution: {integrity: sha512-xxx6M2IpSTnnKcR0cMvIiohkiCx20/oRPtWGbenFygKCGl3zqUzdNjQ/1V4solq1LU+dgv0nQzeGOuqkqZGg0Q==}

  '@types/node@24.12.3':
    resolution: {integrity: sha512-8oljBDGun9cIsZRJR6fkihn0TSXJI0UDOOhncYaERq6M0JMDoPLxyscwruJcb4GKS6dvK/d8xebYBg27h/duaQ==}

  '@types/triple-beam@1.3.5':
    resolution: {integrity: sha512-6WaYesThRMCl19iryMYP7/x2OVgCtbIVflDGFpWnb9irXI3UjYE4AzmYuiUKY1AJstGijoY+MgUszMgRxIYTYw==}

  ansi-styles@4.3.0:
    resolution: {integrity: sha512-zbB9rCJAT1rbjiVDb2hqKFHNYLxgtk8NURxZ3IZwD3F6NtxbXZQCnnSi1Lkx+IDohdPlFp222wVALIheZJQSEg==}
    engines: {node: '>=8'}

  apache-arrow@21.1.0:
    resolution: {integrity: sha512-kQrYLxhC+NTVVZ4CCzGF6L/uPVOzJmD1T3XgbiUnP7oTeVFOFgEUu6IKNwCDkpFoBVqDKQivlX4RUFqqnWFlEA==}
    hasBin: true

  argparse@2.0.1:
    resolution: {integrity: sha512-8+9WqebbFzpX9OR+Wa6O29asIogeRMzcGtAINdpMHHyAg10f05aSFVBbcEqGf/PXw1EjAZ+q2/bEBg3DvurK3Q==}

  array-back@6.2.3:
    resolution: {integrity: sha512-SGDvmg6QTYiTxCBkYVmThcoa67uLl35pyzRHdpCGBOcqFy6BtwnphoFPk7LhJshD+Yk1Kt35WGWeZPTgwR4Fhw==}
    engines: {node: '>=12.17'}

  async@3.2.6:
    resolution: {integrity: sha512-htCUDlxyyCLMgaM3xXg0C0LW2xqfuQ6p05pCEIsXuyQ+a1koYKTuBMzRNwmybfLgvJDMd0r1LTn4+E0Ti6C2AA==}

  bytes@3.1.2:
    resolution: {integrity: sha512-/Nf7TyzTx6S3yRJObOAV7956r8cr2+Oj8AC5dt8wSP3BQAoeX58NoHyCU8P8zGkNXStjTSi6fzO6F0pBdcYbEg==}
    engines: {node: '>= 0.8'}

  chalk-template@0.4.0:
    resolution: {integrity: sha512-/ghrgmhfY8RaSdeo43hNXxpoHAtxdbskUHjPpfqUWGttFgycUhYPGx3YZBCnUCvOa7Doivn1IZec3DEGFoMgLg==}
    engines: {node: '>=12'}

  chalk@4.1.2:
    resolution: {integrity: sha512-oKnbhFyRIXpUuez8iBMmyEa4nbj4IOQyuhc/wy9kY7/WVPcwIO9VA668Pu8RkO7+0G76SLROeyw9CpQ061i4mA==}
    engines: {node: '>=10'}

  color-convert@2.0.1:
    resolution: {integrity: sha512-RRECPsj7iu/xb5oKYcsFHSppFNnsj/52OVTRKb4zP5onXwVF3zVmmToNcOfGC+CRDpfK/U584fMg38ZHCaElKQ==}
    engines: {node: '>=7.0.0'}

  color-convert@3.1.3:
    resolution: {integrity: sha512-fasDH2ont2GqF5HpyO4w0+BcewlhHEZOFn9c1ckZdHpJ56Qb7MHhH/IcJZbBGgvdtwdwNbLvxiBEdg336iA9Sg==}
    engines: {node: '>=14.6'}

  color-name@1.1.4:
    resolution: {integrity: sha512-dOy+3AuW3a2wNbZHIuMZpTcgjGuLU/uBL/ubcZF9OXbDo8ff4O8yVp5Bf0efS8uEoYo5q4Fx7dY9OgQGXgAsQA==}

  color-name@2.1.0:
    resolution: {integrity: sha512-1bPaDNFm0axzE4MEAzKPuqKWeRaT43U/hyxKPBdqTfmPF+d6n7FSoTFxLVULUJOmiLp01KjhIPPH+HrXZJN4Rg==}
    engines: {node: '>=12.20'}

  color-string@2.1.4:
    resolution: {integrity: sha512-Bb6Cq8oq0IjDOe8wJmi4JeNn763Xs9cfrBcaylK1tPypWzyoy2G3l90v9k64kjphl/ZJjPIShFztenRomi8WTg==}
    engines: {node: '>=18'}

  color@5.0.3:
    resolution: {integrity: sha512-ezmVcLR3xAVp8kYOm4GS45ZLLgIE6SPAFoduLr6hTDajwb3KZ2F46gulK3XpcwRFb5KKGCSezCBAY4Dw4HsyXA==}
    engines: {node: '>=18'}

  command-line-args@6.0.2:
    resolution: {integrity: sha512-AIjYVxrV9X752LmPDLbVYv8aMCuHPSLZJXEo2qo/xJfv+NYhaZ4sMSF01rM+gHPaMgvPM0l5D/F+Qx+i2WfSmQ==}
    engines: {node: '>=12.20'}
    peerDependencies:
      '@75lb/nature': latest
    peerDependenciesMeta:
      '@75lb/nature':
        optional: true

  command-line-usage@7.0.4:
    resolution: {integrity: sha512-85UdvzTNx/+s5CkSgBm/0hzP80RFHAa7PsfeADE5ezZF3uHz3/Tqj9gIKGT9PTtpycc3Ua64T0oVulGfKxzfqg==}
    engines: {node: '>=12.20.0'}

  content-type@1.0.5:
    resolution: {integrity: sha512-nTjqfcBFEipKdXCv4YDQWCfmcLZKm81ldF0pAopTvyrFGVbcR6P/VAAd5G7N+0tTr8QqiU0tFadD6FK4NtJwOA==}
    engines: {node: '>= 0.6'}

  debug@4.4.3:
    resolution: {integrity: sha512-RGwwWnwQvkVfavKVt22FGLw+xYSdzARwm0ru6DhTVA3umU5hZc28V3kO4stgYryrTlLpuvgI9GiijltAjNbcqA==}
    engines: {node: '>=6.0'}
    peerDependencies:
      supports-color: '*'
    peerDependenciesMeta:
      supports-color:
        optional: true

  depd@2.0.0:
    resolution: {integrity: sha512-g7nH6P6dyDioJogAAGprGpCtVImJhpPk/roCzdb3fIh61/s/nPsfR6onyMwkCAR/OlC3yBC0lESvUoQEAssIrw==}
    engines: {node: '>= 0.8'}

  enabled@2.0.0:
    resolution: {integrity: sha512-AKrN98kuwOzMIdAizXGI86UFBoo26CL21UM763y1h/GMSJ4/OHU9k2YlsmBpyScFo/wbLzWQJBMCW4+IO3/+OQ==}

  fecha@4.2.3:
    resolution: {integrity: sha512-OP2IUU6HeYKJi3i0z4A19kHMQoLVs4Hc+DPqqxI2h/DPZHTm/vjsfC6P0b4jCMy14XizLBqvndQ+UilD7707Jw==}

  find-replace@5.0.2:
    resolution: {integrity: sha512-Y45BAiE3mz2QsrN2fb5QEtO4qb44NcS7en/0y9PEVsg351HsLeVclP8QPMH79Le9sH3rs5RSwJu99W0WPZO43Q==}
    engines: {node: '>=14'}
    peerDependencies:
      '@75lb/nature': latest
    peerDependenciesMeta:
      '@75lb/nature':
        optional: true

  flatbuffers@25.9.23:
    resolution: {integrity: sha512-MI1qs7Lo4Syw0EOzUl0xjs2lsoeqFku44KpngfIduHBYvzm8h2+7K8YMQh1JtVVVrUvhLpNwqVi4DERegUJhPQ==}

  fn.name@1.1.0:
    resolution: {integrity: sha512-GRnmB5gPyJpAhTQdSZTSp9uaPSvl09KoYcMQtsB9rQoOmzs9dH6ffeccH+Z+cv6P68Hu5bC6JjRh4Ah/mHSNRw==}

  has-flag@4.0.0:
    resolution: {integrity: sha512-EykJT/Q1KjTWctppgIAgfSO0tKVuZUjhgMr17kqTumMl6Afv3EISleU7qZUzoXDFTAHTDC4NOoG/ZxU3EvlMPQ==}
    engines: {node: '>=8'}

  hpagent@1.2.0:
    resolution: {integrity: sha512-A91dYTeIB6NoXG+PxTQpCCDDnfHsW9kc06Lvpu1TEe9gnd6ZFeiBoRO9JvzEv6xK7EX97/dUE8g/vBMTqTS3CA==}
    engines: {node: '>=14'}

  http-errors@2.0.1:
    resolution: {integrity: sha512-4FbRdAX+bSdmo4AUFuS0WNiPz8NgFt+r8ThgNWmlrjQjt1Q7ZR9+zTlce2859x4KSXrwIsaeTqDoKQmtP8pLmQ==}
    engines: {node: '>= 0.8'}

  iconv-lite@0.7.2:
    resolution: {integrity: sha512-im9DjEDQ55s9fL4EYzOAv0yMqmMBSZp6G0VvFyTMPKWxiSBHUj9NW/qqLmXUwXrrM7AvqSlTCfvqRb0cM8yYqw==}
    engines: {node: '>=0.10.0'}

  inherits@2.0.4:
    resolution: {integrity: sha512-k/vGaX4/Yla3WzyMCvTQOXYeIHvqOKtnqBduzTHpzpQZzAskKMhZ2K+EnBiSM9zGSoIFeMpXKxa4dYeZIQqewQ==}

  is-stream@2.0.1:
    resolution: {integrity: sha512-hFoiJiTl63nn+kstHGBtewWSKnQLpyb155KHheA1l39uvtO9nWIop1p3udqPcUd/xbF1VLMO4n7OI6p7RbngDg==}
    engines: {node: '>=8'}

  js-yaml@4.1.1:
    resolution: {integrity: sha512-qQKT4zQxXl8lLwBtHMWwaTcGfFOZviOJet3Oy/xmGk2gZH677CJM9EvtfdSkgWcATZhj/55JZ0rmy3myCT5lsA==}
    hasBin: true

  json-bignum@0.0.3:
    resolution: {integrity: sha512-2WHyXj3OfHSgNyuzDbSxI1w2jgw5gkWSWhS7Qg4bWXx1nLk3jnbwfUeS0PSba3IzpTUWdHxBieELUzXRjQB2zg==}
    engines: {node: '>=0.8'}

  kuler@2.0.0:
    resolution: {integrity: sha512-Xq9nH7KlWZmXAtodXDDRE7vs6DU1gTU8zYDHDiWLSip45Egwq3plLHzPn27NgvzL2r1LMPC1vdqh98sQxtqj4A==}

  lodash.camelcase@4.3.0:
    resolution: {integrity: sha512-TwuEnCnxbc3rAvhf/LbG7tJUDzhqXyFnv3dtzLOPgCG/hODL7WFnsbwktkD7yUV0RrreP/l1PALq/YSg6VvjlA==}

  logform@2.7.0:
    resolution: {integrity: sha512-TFYA4jnP7PVbmlBIfhlSe+WKxs9dklXMTEGcBCIvLhE/Tn3H6Gk1norupVW7m5Cnd4bLcr08AytbyV/xj7f/kQ==}
    engines: {node: '>= 12.0.0'}

  ms@2.1.3:
    resolution: {integrity: sha512-6FlzubTLZG3J2a/NVCAleEhjzq5oxgHyaCU9yYXvcLsvoVaHJq/s5xXI6/XXP6tz7R9xAOtHnSO/tXtF3WRTlA==}

  one-time@1.0.0:
    resolution: {integrity: sha512-5DXOiRKwuSEcQ/l0kGCF6Q3jcADFv5tSmRaJck/OqkVFcOzutB134KRSfF0xDrL39MNnqxbHBbUUcjZIhTgb2g==}

  raw-body@3.0.2:
    resolution: {integrity: sha512-K5zQjDllxWkf7Z5xJdV0/B0WTNqx6vxG70zJE4N0kBs4LovmEYWJzQGxC9bS9RAKu3bgM40lrd5zoLJ12MQ5BA==}
    engines: {node: '>= 0.10'}

  readable-stream@3.6.2:
    resolution: {integrity: sha512-9u/sniCrY3D5WdsERHzHE4G2YCXqoG5FTHUiCC4SIbr6XcLZBY05ya9EKjYek9O5xOAwjGq+1JdGBAS7Q9ScoA==}
    engines: {node: '>= 6'}

  safe-buffer@5.2.1:
    resolution: {integrity: sha512-rp3So07KcdmmKbGvgaNxQSJr7bGVSVk5S9Eq1F+ppbRo70+YeaDxkw5Dd8NPN+GD6bjnYm2VuPuCXmpuYvmCXQ==}

  safe-stable-stringify@2.5.0:
    resolution: {integrity: sha512-b3rppTKm9T+PsVCBEOUR46GWI7fdOs00VKZ1+9c1EWDaDMvjQc6tUwuFyIprgGgTcWoVHSKrU8H31ZHA2e0RHA==}
    engines: {node: '>=10'}

  safer-buffer@2.1.2:
    resolution: {integrity: sha512-YZo3K82SD7Riyi0E1EQPojLz7kpepnSQI9IyPbHHg1XXXevb5dJI7tpyN2ADxGcQbHG7vcyRHk0cbwqcQriUtg==}

  secure-json-parse@3.0.2:
    resolution: {integrity: sha512-H6nS2o8bWfpFEV6U38sOSjS7bTbdgbCGU9wEM6W14P5H0QOsz94KCusifV44GpHDTu2nqZbuDNhTzu+mjDSw1w==}

  setprototypeof@1.2.0:
    resolution: {integrity: sha512-E5LDX7Wrp85Kil5bhZv46j8jOeboKq5JMmYM3gVGdGH8xFpPWXUMsNrlODCrkoxMEeNi/XZIwuRvY4XNwYMJpw==}

  stack-trace@0.0.10:
    resolution: {integrity: sha512-KGzahc7puUKkzyMt+IqAep+TVNbKP+k2Lmwhub39m1AsTSkaDutx56aDCo+HLDzf/D26BIHTJWNiTG1KAJiQCg==}

  statuses@2.0.2:
    resolution: {integrity: sha512-DvEy55V3DB7uknRo+4iOGT5fP1slR8wQohVdknigZPMpMstaKJQWhwiYBACJE3Ul2pTnATihhBYnRhZQHGBiRw==}
    engines: {node: '>= 0.8'}

  string_decoder@1.3.0:
    resolution: {integrity: sha512-hkRX8U1WjJFd8LsDJ2yQ/wWWxaopEsABU1XfkM8A+j0+85JAGppt16cr1Whg6KIbb4okU6Mql6BOj+uup/wKeA==}

  supports-color@7.2.0:
    resolution: {integrity: sha512-qpCAvRl9stuOHveKsn7HncJRvv501qIacKzQlO/+Lwxc9+0q2wLyv4Dfvt80/DPn2pqOBsJdDiogXGR9+OvwRw==}
    engines: {node: '>=8'}

  table-layout@4.1.1:
    resolution: {integrity: sha512-iK5/YhZxq5GO5z8wb0bY1317uDF3Zjpha0QFFLA8/trAoiLbQD0HUbMesEaxyzUgDxi2QlcbM8IvqOlEjgoXBA==}
    engines: {node: '>=12.17'}

  text-hex@1.0.0:
    resolution: {integrity: sha512-uuVGNWzgJ4yhRaNSiubPY7OjISw4sw4E5Uv0wbjp+OzcbmVU/rsT8ujgcXJhn9ypzsgr5vlzpPqP+MBBKcGvbg==}

  toidentifier@1.0.1:
    resolution: {integrity: sha512-o5sSPKEkg/DIQNmH43V0/uerLrpzVedkUh8tGNvaeXpfpuwjKenlSox/2O/BTlZUtEe+JG7s5YhEz608PlAHRA==}
    engines: {node: '>=0.6'}

  triple-beam@1.4.1:
    resolution: {integrity: sha512-aZbgViZrg1QNcG+LULa7nhZpJTZSLm/mXnHXnbAbjmN5aSa0y7V+wvv6+4WaBtpISJzThKy+PIPxc1Nq1EJ9mg==}
    engines: {node: '>= 14.0.0'}

  tslib@2.8.1:
    resolution: {integrity: sha512-oJFu94HQb+KVduSUQL7wnpmqnfmLsOA/nAh6b6EH0wCEoK0/mPeXU6c3wKDV83MkOuHPRHtSXKKU99IBazS/2w==}

  typescript@5.9.3:
    resolution: {integrity: sha512-jl1vZzPDinLr9eUt3J/t7V6FgNEw9QjvBPdysz9KfQDD41fQrC2Y4vKQdiaUpFT4bXlb1RHhLpp8wtm6M5TgSw==}
    engines: {node: '>=14.17'}
    hasBin: true

  typical@7.3.0:
    resolution: {integrity: sha512-ya4mg/30vm+DOWfBg4YK3j2WD6TWtRkCbasOJr40CseYENzCUby/7rIvXA99JGsQHeNxLbnXdyLLxKSv3tauFw==}
    engines: {node: '>=12.17'}

  undici-types@6.21.0:
    resolution: {integrity: sha512-iwDZqg0QAGrg9Rav5H4n0M64c3mkR59cJ6wQp+7C4nI0gsmExaedaYLNO44eT4AtBBwjbTiGPMlt2Md0T9H9JQ==}

  undici-types@7.16.0:
    resolution: {integrity: sha512-Zz+aZWSj8LE6zoxD+xrjh4VfkIG8Ya6LvYkZqtUQGJPZjYl53ypCaUwWqo7eI0x66KBGeRo+mlBEkMSeSZ38Nw==}

  undici@6.25.0:
    resolution: {integrity: sha512-ZgpWDC5gmNiuY9CnLVXEH8rl50xhRCuLNA97fAUnKi8RRuV4E6KG31pDTsLVUKnohJE0I3XDrTeEydAXRw47xg==}
    engines: {node: '>=18.17'}

  unpipe@1.0.0:
    resolution: {integrity: sha512-pjy2bYhSsufwWlKwPc+l3cN7+wuJlK6uz0YdJEOlQDbl6jo/YlPi4mb8agUkVC8BF7V8NuzeyPNqRksA3hztKQ==}
    engines: {node: '>= 0.8'}

  util-deprecate@1.0.2:
    resolution: {integrity: sha512-EPD5q1uXyFxJpCrLnCc1nHnq3gOa6DZBocAIiI2TaSCA7VCJ1UJDMagCzIkXNsUYfD1daK//LTEQ8xiIbrHtcw==}

  winston-transport@4.9.0:
    resolution: {integrity: sha512-8drMJ4rkgaPo1Me4zD/3WLfI/zPdA9o2IipKODunnGDcuqbHwjsbB79ylv04LCGGzU0xQ6vTznOMpQGaLhhm6A==}
    engines: {node: '>= 12.0.0'}

  winston@3.19.0:
    resolution: {integrity: sha512-LZNJgPzfKR+/J3cHkxcpHKpKKvGfDZVPS4hfJCc4cCG0CgYzvlD6yE/S3CIL/Yt91ak327YCpiF/0MyeZHEHKA==}
    engines: {node: '>= 12.0.0'}

  wordwrapjs@5.1.1:
    resolution: {integrity: sha512-0yweIbkINJodk27gX9LBGMzyQdBDan3s/dEAiwBOj+Mf0PPyWL6/rikalkv8EeD0E8jm4o5RXEOrFTP3NXbhJg==}
    engines: {node: '>=12.17'}

  zod@3.25.76:
    resolution: {integrity: sha512-gzUt/qt81nXsFGKIFcC3YnfEAx5NkunCfnDlvuBSSFS02bcXu4Lmea0AFIUwbLWxWPx3d9p8S5QoaujKcNQxcQ==}

snapshots:

  '@colors/colors@1.6.0': {}

  '@dabh/diagnostics@2.0.8':
    dependencies:
      '@so-ric/colorspace': 1.1.6
      enabled: 2.0.0
      kuler: 2.0.0

  '@elastic/elasticsearch@8.19.1':
    dependencies:
      '@elastic/transport': 8.10.1
      apache-arrow: 21.1.0
      tslib: 2.8.1
    transitivePeerDependencies:
      - '@75lb/nature'
      - supports-color

  '@elastic/transport@8.10.1':
    dependencies:
      '@opentelemetry/api': 1.9.1
      '@opentelemetry/core': 2.7.1(@opentelemetry/api@1.9.1)
      debug: 4.4.3
      hpagent: 1.2.0
      ms: 2.1.3
      secure-json-parse: 3.0.2
      tslib: 2.8.1
      undici: 6.25.0
    transitivePeerDependencies:
      - supports-color

  '@modelcontextprotocol/sdk@0.6.1':
    dependencies:
      content-type: 1.0.5
      raw-body: 3.0.2
      zod: 3.25.76

  '@opentelemetry/api@1.9.1': {}

  '@opentelemetry/core@2.7.1(@opentelemetry/api@1.9.1)':
    dependencies:
      '@opentelemetry/api': 1.9.1
      '@opentelemetry/semantic-conventions': 1.40.0

  '@opentelemetry/semantic-conventions@1.40.0': {}

  '@so-ric/colorspace@1.1.6':
    dependencies:
      color: 5.0.3
      text-hex: 1.0.0

  '@swc/helpers@0.5.21':
    dependencies:
      tslib: 2.8.1

  '@types/command-line-args@5.2.3': {}

  '@types/command-line-usage@5.0.4': {}

  '@types/js-yaml@4.0.9': {}

  '@types/node@20.19.40':
    dependencies:
      undici-types: 6.21.0

  '@types/node@24.12.3':
    dependencies:
      undici-types: 7.16.0

  '@types/triple-beam@1.3.5': {}

  ansi-styles@4.3.0:
    dependencies:
      color-convert: 2.0.1

  apache-arrow@21.1.0:
    dependencies:
      '@swc/helpers': 0.5.21
      '@types/command-line-args': 5.2.3
      '@types/command-line-usage': 5.0.4
      '@types/node': 24.12.3
      command-line-args: 6.0.2
      command-line-usage: 7.0.4
      flatbuffers: 25.9.23
      json-bignum: 0.0.3
      tslib: 2.8.1
    transitivePeerDependencies:
      - '@75lb/nature'

  argparse@2.0.1: {}

  array-back@6.2.3: {}

  async@3.2.6: {}

  bytes@3.1.2: {}

  chalk-template@0.4.0:
    dependencies:
      chalk: 4.1.2

  chalk@4.1.2:
    dependencies:
      ansi-styles: 4.3.0
      supports-color: 7.2.0

  color-convert@2.0.1:
    dependencies:
      color-name: 1.1.4

  color-convert@3.1.3:
    dependencies:
      color-name: 2.1.0

  color-name@1.1.4: {}

  color-name@2.1.0: {}

  color-string@2.1.4:
    dependencies:
      color-name: 2.1.0

  color@5.0.3:
    dependencies:
      color-convert: 3.1.3
      color-string: 2.1.4

  command-line-args@6.0.2:
    dependencies:
      array-back: 6.2.3
      find-replace: 5.0.2
      lodash.camelcase: 4.3.0
      typical: 7.3.0

  command-line-usage@7.0.4:
    dependencies:
      array-back: 6.2.3
      chalk-template: 0.4.0
      table-layout: 4.1.1
      typical: 7.3.0

  content-type@1.0.5: {}

  debug@4.4.3:
    dependencies:
      ms: 2.1.3

  depd@2.0.0: {}

  enabled@2.0.0: {}

  fecha@4.2.3: {}

  find-replace@5.0.2: {}

  flatbuffers@25.9.23: {}

  fn.name@1.1.0: {}

  has-flag@4.0.0: {}

  hpagent@1.2.0: {}

  http-errors@2.0.1:
    dependencies:
      depd: 2.0.0
      inherits: 2.0.4
      setprototypeof: 1.2.0
      statuses: 2.0.2
      toidentifier: 1.0.1

  iconv-lite@0.7.2:
    dependencies:
      safer-buffer: 2.1.2

  inherits@2.0.4: {}

  is-stream@2.0.1: {}

  js-yaml@4.1.1:
    dependencies:
      argparse: 2.0.1

  json-bignum@0.0.3: {}

  kuler@2.0.0: {}

  lodash.camelcase@4.3.0: {}

  logform@2.7.0:
    dependencies:
      '@colors/colors': 1.6.0
      '@types/triple-beam': 1.3.5
      fecha: 4.2.3
      ms: 2.1.3
      safe-stable-stringify: 2.5.0
      triple-beam: 1.4.1

  ms@2.1.3: {}

  one-time@1.0.0:
    dependencies:
      fn.name: 1.1.0

  raw-body@3.0.2:
    dependencies:
      bytes: 3.1.2
      http-errors: 2.0.1
      iconv-lite: 0.7.2
      unpipe: 1.0.0

  readable-stream@3.6.2:
    dependencies:
      inherits: 2.0.4
      string_decoder: 1.3.0
      util-deprecate: 1.0.2

  safe-buffer@5.2.1: {}

  safe-stable-stringify@2.5.0: {}

  safer-buffer@2.1.2: {}

  secure-json-parse@3.0.2: {}

  setprototypeof@1.2.0: {}

  stack-trace@0.0.10: {}

  statuses@2.0.2: {}

  string_decoder@1.3.0:
    dependencies:
      safe-buffer: 5.2.1

  supports-color@7.2.0:
    dependencies:
      has-flag: 4.0.0

  table-layout@4.1.1:
    dependencies:
      array-back: 6.2.3
      wordwrapjs: 5.1.1

  text-hex@1.0.0: {}

  toidentifier@1.0.1: {}

  triple-beam@1.4.1: {}

  tslib@2.8.1: {}

  typescript@5.9.3: {}

  typical@7.3.0: {}

  undici-types@6.21.0: {}

  undici-types@7.16.0: {}

  undici@6.25.0: {}

  unpipe@1.0.0: {}

  util-deprecate@1.0.2: {}

  winston-transport@4.9.0:
    dependencies:
      logform: 2.7.0
      readable-stream: 3.6.2
      triple-beam: 1.4.1

  winston@3.19.0:
    dependencies:
      '@colors/colors': 1.6.0
      '@dabh/diagnostics': 2.0.8
      async: 3.2.6
      is-stream: 2.0.1
      logform: 2.7.0
      one-time: 1.0.0
      readable-stream: 3.6.2
      safe-stable-stringify: 2.5.0
      stack-trace: 0.0.10
      triple-beam: 1.4.1
      winston-transport: 4.9.0

  wordwrapjs@5.1.1: {}

  zod@3.25.76: {}
